
Microsoft Visual Studio Solution File, Format Version 12.00
# Visual Studio Version 17
VisualStudioVersion = 17.1.32210.238
MinimumVisualStudioVersion = 10.0.40219.1
Project("{FAE04EC0-301F-11D3-BF4B-00C04F79EFBC}") = "clicker", "clicker\clicker.csproj", "{B54F63D4-71AA-420A-A9B4-81996CBB762F}"
EndProject
Global
	GlobalSection(SolutionConfigurationPlatforms) = preSolution
		Debug|Any CPU = Debug|Any CPU
		Release|Any CPU = Release|Any CPU
	EndGlobalSection
	GlobalSection(ProjectConfigurationPlatforms) = postSolution
		{B54F63D4-71AA-420A-A9B4-81996CBB762F}.Debug|Any CPU.ActiveCfg = Debug|Any CPU
		{B54F63D4-71AA-420A-A9B4-81996CBB762F}.Debug|Any CPU.Build.0 = Debug|Any CPU
		{B54F63D4-71AA-420A-A9B4-81996CBB762F}.Release|Any CPU.ActiveCfg = Release|Any CPU
		{B54F63D4-71AA-420A-A9B4-81996CBB762F}.Release|Any CPU.Build.0 = Release|Any CPU
	EndGlobalSection
	GlobalSection(SolutionProperties) = preSolution
		HideSolutionNode = FALSE
	EndGlobalSection
	GlobalSection(ExtensibilityGlobals) = postSolution
		SolutionGuid = {09A92E96-3597-46FC-88BE-A8B5CACDE8E8}
	EndGlobalSection
EndGlobal
